// !$*UTF8*$!
{
	archiveVersion = 1;
	classes = {
	};
	objectVersion = 56;
	objects = {

/* Begin PBXBuildFile section */
		4A6E83552B7F84E700B88238 /* AppDelegate.swift in Sources */ = {isa = PBXBuildFile; fileRef = 4A6E83542B7F84E700B88238 /* AppDelegate.swift */; };
		4A6E83572B7F84E700B88238 /* SceneDelegate.swift in Sources */ = {isa = PBXBuildFile; fileRef = 4A6E83562B7F84E700B88238 /* SceneDelegate.swift */; };
		4A6E83592B7F84E700B88238 /* RoomViewController.swift in Sources */ = {isa = PBXBuildFile; fileRef = 4A6E83582B7F84E700B88238 /* RoomViewController.swift */; };
		4A6E835E2B7F84E800B88238 /* Assets.xcassets in Resources */ = {isa = PBXBuildFile; fileRef = 4A6E835D2B7F84E800B88238 /* Assets.xcassets */; };
		4A6E83612B7F84E800B88238 /* LaunchScreen.storyboard in Resources */ = {isa = PBXBuildFile; fileRef = 4A6E835F2B7F84E800B88238 /* LaunchScreen.storyboard */; };
		4A6E83692B7F881200B88238 /* LoginViewController.swift in Sources */ = {isa = PBXBuildFile; fileRef = 4A6E83682B7F881200B88238 /* LoginViewController.swift */; };
		4A6E836B2B7F884500B88238 /* EnteranceViewController.swift in Sources */ = {isa = PBXBuildFile; fileRef = 4A6E836A2B7F884500B88238 /* EnteranceViewController.swift */; };
		4A6E836D2B7F8B9600B88238 /* Constant.swift in Sources */ = {isa = PBXBuildFile; fileRef = 4A6E836C2B7F8B9600B88238 /* Constant.swift */; };
		4A6E83702B7F8D0A00B88238 /* UIView+Extension.swift in Sources */ = {isa = PBXBuildFile; fileRef = 4A6E836F2B7F8D0A00B88238 /* UIView+Extension.swift */; };
		4A6E83722B7F8D2600B88238 /* UIFont+Extension.swift in Sources */ = {isa = PBXBuildFile; fileRef = 4A6E83712B7F8D2600B88238 /* UIFont+Extension.swift */; };
		4A6E83742B7FB3F300B88238 /* Collection+Extension.swift in Sources */ = {isa = PBXBuildFile; fileRef = 4A6E83732B7FB3F300B88238 /* Collection+Extension.swift */; };
		4A6E83762B7FB52700B88238 /* BalanceCell.swift in Sources */ = {isa = PBXBuildFile; fileRef = 4A6E83752B7FB52700B88238 /* BalanceCell.swift */; };
		4A6E83782B7FB54E00B88238 /* LogCell.swift in Sources */ = {isa = PBXBuildFile; fileRef = 4A6E83772B7FB54E00B88238 /* LogCell.swift */; };
		4A6E837A2B7FB56600B88238 /* Log.swift in Sources */ = {isa = PBXBuildFile; fileRef = 4A6E83792B7FB56600B88238 /* Log.swift */; };
		4A6E837C2B7FBDC900B88238 /* RoomViewModel.swift in Sources */ = {isa = PBXBuildFile; fileRef = 4A6E837B2B7FBDC900B88238 /* RoomViewModel.swift */; };
		4A6E837E2B7FC03E00B88238 /* LogCreateViewController.swift in Sources */ = {isa = PBXBuildFile; fileRef = 4A6E837D2B7FC03E00B88238 /* LogCreateViewController.swift */; };
		4A6E83842B7FC6F000B88238 /* JLogNetwork.swift in Sources */ = {isa = PBXBuildFile; fileRef = 4A6E83832B7FC6F000B88238 /* JLogNetwork.swift */; };
		4AF89A4D2B88805300E07CA2 /* LoadingView.swift in Sources */ = {isa = PBXBuildFile; fileRef = 4AF89A4C2B88805300E07CA2 /* LoadingView.swift */; };
		4AF89A4F2B8883BE00E07CA2 /* JLogBaseViewController.swift in Sources */ = {isa = PBXBuildFile; fileRef = 4AF89A4E2B8883BE00E07CA2 /* JLogBaseViewController.swift */; };
/* End PBXBuildFile section */

/* Begin PBXFileReference section */
		4A6E83512B7F84E700B88238 /* JLog.app */ = {isa = PBXFileReference; explicitFileType = wrapper.application; includeInIndex = 0; path = JLog.app; sourceTree = BUILT_PRODUCTS_DIR; };
		4A6E83542B7F84E700B88238 /* AppDelegate.swift */ = {isa = PBXFileReference; lastKnownFileType = sourcecode.swift; path = AppDelegate.swift; sourceTree = "<group>"; };
		4A6E83562B7F84E700B88238 /* SceneDelegate.swift */ = {isa = PBXFileReference; lastKnownFileType = sourcecode.swift; path = SceneDelegate.swift; sourceTree = "<group>"; };
		4A6E83582B7F84E700B88238 /* RoomViewController.swift */ = {isa = PBXFileReference; lastKnownFileType = sourcecode.swift; path = RoomViewController.swift; sourceTree = "<group>"; };
		4A6E835D2B7F84E800B88238 /* Assets.xcassets */ = {isa = PBXFileReference; lastKnownFileType = folder.assetcatalog; path = Assets.xcassets; sourceTree = "<group>"; };
		4A6E83602B7F84E800B88238 /* Base */ = {isa = PBXFileReference; lastKnownFileType = file.storyboard; name = Base; path = Base.lproj/LaunchScreen.storyboard; sourceTree = "<group>"; };
		4A6E83622B7F84E800B88238 /* Info.plist */ = {isa = PBXFileReference; lastKnownFileType = text.plist.xml; path = Info.plist; sourceTree = "<group>"; };
		4A6E83682B7F881200B88238 /* LoginViewController.swift */ = {isa = PBXFileReference; lastKnownFileType = sourcecode.swift; path = LoginViewController.swift; sourceTree = "<group>"; };
		4A6E836A2B7F884500B88238 /* EnteranceViewController.swift */ = {isa = PBXFileReference; lastKnownFileType = sourcecode.swift; path = EnteranceViewController.swift; sourceTree = "<group>"; };
		4A6E836C2B7F8B9600B88238 /* Constant.swift */ = {isa = PBXFileReference; lastKnownFileType = sourcecode.swift; path = Constant.swift; sourceTree = "<group>"; };
		4A6E836F2B7F8D0A00B88238 /* UIView+Extension.swift */ = {isa = PBXFileReference; lastKnownFileType = sourcecode.swift; path = "UIView+Extension.swift"; sourceTree = "<group>"; };
		4A6E83712B7F8D2600B88238 /* UIFont+Extension.swift */ = {isa = PBXFileReference; lastKnownFileType = sourcecode.swift; path = "UIFont+Extension.swift"; sourceTree = "<group>"; };
		4A6E83732B7FB3F300B88238 /* Collection+Extension.swift */ = {isa = PBXFileReference; lastKnownFileType = sourcecode.swift; path = "Collection+Extension.swift"; sourceTree = "<group>"; };
		4A6E83752B7FB52700B88238 /* BalanceCell.swift */ = {isa = PBXFileReference; lastKnownFileType = sourcecode.swift; path = BalanceCell.swift; sourceTree = "<group>"; };
		4A6E83772B7FB54E00B88238 /* LogCell.swift */ = {isa = PBXFileReference; lastKnownFileType = sourcecode.swift; path = LogCell.swift; sourceTree = "<group>"; };
		4A6E83792B7FB56600B88238 /* Log.swift */ = {isa = PBXFileReference; lastKnownFileType = sourcecode.swift; path = Log.swift; sourceTree = "<group>"; };
		4A6E837B2B7FBDC900B88238 /* RoomViewModel.swift */ = {isa = PBXFileReference; lastKnownFileType = sourcecode.swift; path = RoomViewModel.swift; sourceTree = "<group>"; };
		4A6E837D2B7FC03E00B88238 /* LogCreateViewController.swift */ = {isa = PBXFileReference; lastKnownFileType = sourcecode.swift; path = LogCreateViewController.swift; sourceTree = "<group>"; };
		4A6E83832B7FC6F000B88238 /* JLogNetwork.swift */ = {isa = PBXFileReference; lastKnownFileType = sourcecode.swift; path = JLogNetwork.swift; sourceTree = "<group>"; };
		4AF89A4C2B88805300E07CA2 /* LoadingView.swift */ = {isa = PBXFileReference; lastKnownFileType = sourcecode.swift; path = LoadingView.swift; sourceTree = "<group>"; };
		4AF89A4E2B8883BE00E07CA2 /* JLogBaseViewController.swift */ = {isa = PBXFileReference; lastKnownFileType = sourcecode.swift; path = JLogBaseViewController.swift; sourceTree = "<group>"; };
/* End PBXFileReference section */

/* Begin PBXFrameworksBuildPhase section */
		4A6E834E2B7F84E700B88238 /* Frameworks */ = {
			isa = PBXFrameworksBuildPhase;
			buildActionMask = 2147483647;
			files = (
			);
			runOnlyForDeploymentPostprocessing = 0;
		};
/* End PBXFrameworksBuildPhase section */

/* Begin PBXGroup section */
		4A6E83482B7F84E700B88238 = {
			isa = PBXGroup;
			children = (
				4A6E83532B7F84E700B88238 /* JLog */,
				4A6E83522B7F84E700B88238 /* Products */,
			);
			sourceTree = "<group>";
		};
		4A6E83522B7F84E700B88238 /* Products */ = {
			isa = PBXGroup;
			children = (
				4A6E83512B7F84E700B88238 /* JLog.app */,
			);
			name = Products;
			sourceTree = "<group>";
		};
		4A6E83532B7F84E700B88238 /* JLog */ = {
			isa = PBXGroup;
			children = (
				4A6E83822B7FC5CA00B88238 /* Global */,
				4A6E83812B7FC5C000B88238 /* ViewModel */,
				4A6E83802B7FC5AE00B88238 /* View */,
				4A6E837F2B7FC5A400B88238 /* ViewControllers */,
				4A6E836E2B7F8D0300B88238 /* Extensions */,
				4A6E83542B7F84E700B88238 /* AppDelegate.swift */,
				4A6E83562B7F84E700B88238 /* SceneDelegate.swift */,
				4A6E835D2B7F84E800B88238 /* Assets.xcassets */,
				4A6E835F2B7F84E800B88238 /* LaunchScreen.storyboard */,
				4A6E83622B7F84E800B88238 /* Info.plist */,
			);
			path = JLog;
			sourceTree = "<group>";
		};
		4A6E836E2B7F8D0300B88238 /* Extensions */ = {
			isa = PBXGroup;
			children = (
				4A6E836F2B7F8D0A00B88238 /* UIView+Extension.swift */,
				4A6E83712B7F8D2600B88238 /* UIFont+Extension.swift */,
				4A6E83732B7FB3F300B88238 /* Collection+Extension.swift */,
			);
			path = Extensions;
			sourceTree = "<group>";
		};
		4A6E837F2B7FC5A400B88238 /* ViewControllers */ = {
			isa = PBXGroup;
			children = (
				4A6E83582B7F84E700B88238 /* RoomViewController.swift */,
				4A6E83682B7F881200B88238 /* LoginViewController.swift */,
				4A6E836A2B7F884500B88238 /* EnteranceViewController.swift */,
				4A6E837D2B7FC03E00B88238 /* LogCreateViewController.swift */,
			);
			path = ViewControllers;
			sourceTree = "<group>";
		};
		4A6E83802B7FC5AE00B88238 /* View */ = {
			isa = PBXGroup;
			children = (
				4A6E83752B7FB52700B88238 /* BalanceCell.swift */,
				4A6E83772B7FB54E00B88238 /* LogCell.swift */,
			);
			path = View;
			sourceTree = "<group>";
		};
		4A6E83812B7FC5C000B88238 /* ViewModel */ = {
			isa = PBXGroup;
			children = (
				4A6E837B2B7FBDC900B88238 /* RoomViewModel.swift */,
			);
			path = ViewModel;
			sourceTree = "<group>";
		};
		4A6E83822B7FC5CA00B88238 /* Global */ = {
			isa = PBXGroup;
			children = (
				4A6E836C2B7F8B9600B88238 /* Constant.swift */,
				4A6E83792B7FB56600B88238 /* Log.swift */,
				4A6E83832B7FC6F000B88238 /* JLogNetwork.swift */,
				4AF89A4C2B88805300E07CA2 /* LoadingView.swift */,
				4AF89A4E2B8883BE00E07CA2 /* JLogBaseViewController.swift */,
			);
			path = Global;
			sourceTree = "<group>";
		};
/* End PBXGroup section */

/* Begin PBXNativeTarget section */
		4A6E83502B7F84E700B88238 /* JLog */ = {
			isa = PBXNativeTarget;
			buildConfigurationList = 4A6E83652B7F84E800B88238 /* Build configuration list for PBXNativeTarget "JLog" */;
			buildPhases = (
				4A6E834D2B7F84E700B88238 /* Sources */,
				4A6E834E2B7F84E700B88238 /* Frameworks */,
				4A6E834F2B7F84E700B88238 /* Resources */,
			);
			buildRules = (
			);
			dependencies = (
			);
			name = JLog;
			productName = JLog;
			productReference = 4A6E83512B7F84E700B88238 /* JLog.app */;
			productType = "com.apple.product-type.application";
		};
/* End PBXNativeTarget section */

/* Begin PBXProject section */
		4A6E83492B7F84E700B88238 /* Project object */ = {
			isa = PBXProject;
			attributes = {
				BuildIndependentTargetsInParallel = 1;
				LastSwiftUpdateCheck = 1500;
				LastUpgradeCheck = 1500;
				TargetAttributes = {
					4A6E83502B7F84E700B88238 = {
						CreatedOnToolsVersion = 15.0.1;
					};
				};
			};
			buildConfigurationList = 4A6E834C2B7F84E700B88238 /* Build configuration list for PBXProject "JLog" */;
			compatibilityVersion = "Xcode 14.0";
			developmentRegion = en;
			hasScannedForEncodings = 0;
			knownRegions = (
				en,
				Base,
			);
			mainGroup = 4A6E83482B7F84E700B88238;
			productRefGroup = 4A6E83522B7F84E700B88238 /* Products */;
			projectDirPath = "";
			projectRoot = "";
			targets = (
				4A6E83502B7F84E700B88238 /* JLog */,
			);
		};
/* End PBXProject section */

/* Begin PBXResourcesBuildPhase section */
		4A6E834F2B7F84E700B88238 /* Resources */ = {
			isa = PBXResourcesBuildPhase;
			buildActionMask = 2147483647;
			files = (
				4A6E83612B7F84E800B88238 /* LaunchScreen.storyboard in Resources */,
				4A6E835E2B7F84E800B88238 /* Assets.xcassets in Resources */,
			);
			runOnlyForDeploymentPostprocessing = 0;
		};
/* End PBXResourcesBuildPhase section */

/* Begin PBXSourcesBuildPhase section */
		4A6E834D2B7F84E700B88238 /* Sources */ = {
			isa = PBXSourcesBuildPhase;
			buildActionMask = 2147483647;
			files = (
				4AF89A4F2B8883BE00E07CA2 /* JLogBaseViewController.swift in Sources */,
				4A6E83692B7F881200B88238 /* LoginViewController.swift in Sources */,
				4A6E837E2B7FC03E00B88238 /* LogCreateViewController.swift in Sources */,
				4A6E83782B7FB54E00B88238 /* LogCell.swift in Sources */,
				4A6E837A2B7FB56600B88238 /* Log.swift in Sources */,
				4A6E83592B7F84E700B88238 /* RoomViewController.swift in Sources */,
				4AF89A4D2B88805300E07CA2 /* LoadingView.swift in Sources */,
				4A6E83762B7FB52700B88238 /* BalanceCell.swift in Sources */,
				4A6E83552B7F84E700B88238 /* AppDelegate.swift in Sources */,
				4A6E83702B7F8D0A00B88238 /* UIView+Extension.swift in Sources */,
				4A6E836B2B7F884500B88238 /* EnteranceViewController.swift in Sources */,
				4A6E83842B7FC6F000B88238 /* JLogNetwork.swift in Sources */,
				4A6E83572B7F84E700B88238 /* SceneDelegate.swift in Sources */,
				4A6E837C2B7FBDC900B88238 /* RoomViewModel.swift in Sources */,
				4A6E83722B7F8D2600B88238 /* UIFont+Extension.swift in Sources */,
				4A6E83742B7FB3F300B88238 /* Collection+Extension.swift in Sources */,
				4A6E836D2B7F8B9600B88238 /* Constant.swift in Sources */,
			);
			runOnlyForDeploymentPostprocessing = 0;
		};
/* End PBXSourcesBuildPhase section */

/* Begin PBXVariantGroup section */
		4A6E835F2B7F84E800B88238 /* LaunchScreen.storyboard */ = {
			isa = PBXVariantGroup;
			children = (
				4A6E83602B7F84E800B88238 /* Base */,
			);
			name = LaunchScreen.storyboard;
			sourceTree = "<group>";
		};
/* End PBXVariantGroup section */

/* Begin XCBuildConfiguration section */
		4A6E83632B7F84E800B88238 /* Debug */ = {
			isa = XCBuildConfiguration;
			buildSettings = {
				ALWAYS_SEARCH_USER_PATHS = NO;
				ASSETCATALOG_COMPILER_GENERATE_SWIFT_ASSET_SYMBOL_EXTENSIONS = YES;
				CLANG_ANALYZER_NONNULL = YES;
				CLANG_ANALYZER_NUMBER_OBJECT_CONVERSION = YES_AGGRESSIVE;
				CLANG_CXX_LANGUAGE_STANDARD = "gnu++20";
				CLANG_ENABLE_MODULES = YES;
				CLANG_ENABLE_OBJC_ARC = YES;
				CLANG_ENABLE_OBJC_WEAK = YES;
				CLANG_WARN_BLOCK_CAPTURE_AUTORELEASING = YES;
				CLANG_WARN_BOOL_CONVERSION = YES;
				CLANG_WARN_COMMA = YES;
				CLANG_WARN_CONSTANT_CONVERSION = YES;
				CLANG_WARN_DEPRECATED_OBJC_IMPLEMENTATIONS = YES;
				CLANG_WARN_DIRECT_OBJC_ISA_USAGE = YES_ERROR;
				CLANG_WARN_DOCUMENTATION_COMMENTS = YES;
				CLANG_WARN_EMPTY_BODY = YES;
				CLANG_WARN_ENUM_CONVERSION = YES;
				CLANG_WARN_INFINITE_RECURSION = YES;
				CLANG_WARN_INT_CONVERSION = YES;
				CLANG_WARN_NON_LITERAL_NULL_CONVERSION = YES;
				CLANG_WARN_OBJC_IMPLICIT_RETAIN_SELF = YES;
				CLANG_WARN_OBJC_LITERAL_CONVERSION = YES;
				CLANG_WARN_OBJC_ROOT_CLASS = YES_ERROR;
				CLANG_WARN_QUOTED_INCLUDE_IN_FRAMEWORK_HEADER = YES;
				CLANG_WARN_RANGE_LOOP_ANALYSIS = YES;
				CLANG_WARN_STRICT_PROTOTYPES = YES;
				CLANG_WARN_SUSPICIOUS_MOVE = YES;
				CLANG_WARN_UNGUARDED_AVAILABILITY = YES_AGGRESSIVE;
				CLANG_WARN_UNREACHABLE_CODE = YES;
				CLANG_WARN__DUPLICATE_METHOD_MATCH = YES;
				COPY_PHASE_STRIP = NO;
				DEBUG_INFORMATION_FORMAT = dwarf;
				ENABLE_STRICT_OBJC_MSGSEND = YES;
				ENABLE_TESTABILITY = YES;
				ENABLE_USER_SCRIPT_SANDBOXING = YES;
				GCC_C_LANGUAGE_STANDARD = gnu17;
				GCC_DYNAMIC_NO_PIC = NO;
				GCC_NO_COMMON_BLOCKS = YES;
				GCC_OPTIMIZATION_LEVEL = 0;
				GCC_PREPROCESSOR_DEFINITIONS = (
					"DEBUG=1",
					"$(inherited)",
				);
				GCC_WARN_64_TO_32_BIT_CONVERSION = YES;
				GCC_WARN_ABOUT_RETURN_TYPE = YES_ERROR;
				GCC_WARN_UNDECLARED_SELECTOR = YES;
				GCC_WARN_UNINITIALIZED_AUTOS = YES_AGGRESSIVE;
				GCC_WARN_UNUSED_FUNCTION = YES;
				GCC_WARN_UNUSED_VARIABLE = YES;
				IPHONEOS_DEPLOYMENT_TARGET = 15.0;
				LOCALIZATION_PREFERS_STRING_CATALOGS = YES;
				MTL_ENABLE_DEBUG_INFO = INCLUDE_SOURCE;
				MTL_FAST_MATH = YES;
				ONLY_ACTIVE_ARCH = YES;
				SDKROOT = iphoneos;
				SWIFT_ACTIVE_COMPILATION_CONDITIONS = "DEBUG $(inherited)";
				SWIFT_OPTIMIZATION_LEVEL = "-Onone";
			};
			name = Debug;
		};
		4A6E83642B7F84E800B88238 /* Release */ = {
			isa = XCBuildConfiguration;
			buildSettings = {
				ALWAYS_SEARCH_USER_PATHS = NO;
				ASSETCATALOG_COMPILER_GENERATE_SWIFT_ASSET_SYMBOL_EXTENSIONS = YES;
				CLANG_ANALYZER_NONNULL = YES;
				CLANG_ANALYZER_NUMBER_OBJECT_CONVERSION = YES_AGGRESSIVE;
				CLANG_CXX_LANGUAGE_STANDARD = "gnu++20";
				CLANG_ENABLE_MODULES = YES;
				CLANG_ENABLE_OBJC_ARC = YES;
				CLANG_ENABLE_OBJC_WEAK = YES;
				CLANG_WARN_BLOCK_CAPTURE_AUTORELEASING = YES;
				CLANG_WARN_BOOL_CONVERSION = YES;
				CLANG_WARN_COMMA = YES;
				CLANG_WARN_CONSTANT_CONVERSION = YES;
				CLANG_WARN_DEPRECATED_OBJC_IMPLEMENTATIONS = YES;
				CLANG_WARN_DIRECT_OBJC_ISA_USAGE = YES_ERROR;
				CLANG_WARN_DOCUMENTATION_COMMENTS = YES;
				CLANG_WARN_EMPTY_BODY = YES;
				CLANG_WARN_ENUM_CONVERSION = YES;
				CLANG_WARN_INFINITE_RECURSION = YES;
				CLANG_WARN_INT_CONVERSION = YES;
				CLANG_WARN_NON_LITERAL_NULL_CONVERSION = YES;
				CLANG_WARN_OBJC_IMPLICIT_RETAIN_SELF = YES;
				CLANG_WARN_OBJC_LITERAL_CONVERSION = YES;
				CLANG_WARN_OBJC_ROOT_CLASS = YES_ERROR;
				CLANG_WARN_QUOTED_INCLUDE_IN_FRAMEWORK_HEADER = YES;
				CLANG_WARN_RANGE_LOOP_ANALYSIS = YES;
				CLANG_WARN_STRICT_PROTOTYPES = YES;
				CLANG_WARN_SUSPICIOUS_MOVE = YES;
				CLANG_WARN_UNGUARDED_AVAILABILITY = YES_AGGRESSIVE;
				CLANG_WARN_UNREACHABLE_CODE = YES;
				CLANG_WARN__DUPLICATE_METHOD_MATCH = YES;
				COPY_PHASE_STRIP = NO;
				DEBUG_INFORMATION_FORMAT = "dwarf-with-dsym";
				ENABLE_NS_ASSERTIONS = NO;
				ENABLE_STRICT_OBJC_MSGSEND = YES;
				ENABLE_USER_SCRIPT_SANDBOXING = YES;
				GCC_C_LANGUAGE_STANDARD = gnu17;
				GCC_NO_COMMON_BLOCKS = YES;
				GCC_WARN_64_TO_32_BIT_CONVERSION = YES;
				GCC_WARN_ABOUT_RETURN_TYPE = YES_ERROR;
				GCC_WARN_UNDECLARED_SELECTOR = YES;
				GCC_WARN_UNINITIALIZED_AUTOS = YES_AGGRESSIVE;
				GCC_WARN_UNUSED_FUNCTION = YES;
				GCC_WARN_UNUSED_VARIABLE = YES;
				IPHONEOS_DEPLOYMENT_TARGET = 15.0;
				LOCALIZATION_PREFERS_STRING_CATALOGS = YES;
				MTL_ENABLE_DEBUG_INFO = NO;
				MTL_FAST_MATH = YES;
				SDKROOT = iphoneos;
				SWIFT_COMPILATION_MODE = wholemodule;
				VALIDATE_PRODUCT = YES;
			};
			name = Release;
		};
		4A6E83662B7F84E800B88238 /* Debug */ = {
			isa = XCBuildConfiguration;
			buildSettings = {
				ASSETCATALOG_COMPILER_APPICON_NAME = AppIcon;
				ASSETCATALOG_COMPILER_GLOBAL_ACCENT_COLOR_NAME = AccentColor;
				CODE_SIGN_STYLE = Automatic;
				CURRENT_PROJECT_VERSION = 3;
				DEVELOPMENT_TEAM = 4CLMD5ZPC3;
				GENERATE_INFOPLIST_FILE = YES;
				INFOPLIST_FILE = JLog/Info.plist;
				INFOPLIST_KEY_CFBundleDisplayName = "제이로그";
				INFOPLIST_KEY_LSApplicationCategoryType = "public.app-category.lifestyle";
				INFOPLIST_KEY_UIApplicationSupportsIndirectInputEvents = YES;
				INFOPLIST_KEY_UILaunchStoryboardName = LaunchScreen;
				INFOPLIST_KEY_UIStatusBarStyle = "";
				INFOPLIST_KEY_UISupportedInterfaceOrientations_iPad = "UIInterfaceOrientationPortrait UIInterfaceOrientationPortraitUpsideDown UIInterfaceOrientationLandscapeLeft UIInterfaceOrientationLandscapeRight";
				INFOPLIST_KEY_UISupportedInterfaceOrientations_iPhone = "UIInterfaceOrientationPortrait UIInterfaceOrientationLandscapeLeft UIInterfaceOrientationLandscapeRight";
				IPHONEOS_DEPLOYMENT_TARGET = 15.0;
				LD_RUNPATH_SEARCH_PATHS = (
					"$(inherited)",
					"@executable_path/Frameworks",
				);
				MARKETING_VERSION = 1.0;
				PRODUCT_BUNDLE_IDENTIFIER = com.dreamtree.jlog;
				PRODUCT_NAME = "$(TARGET_NAME)";
				SWIFT_EMIT_LOC_STRINGS = YES;
				SWIFT_VERSION = 5.0;
				TARGETED_DEVICE_FAMILY = "1,2";
			};
			name = Debug;
		};
		4A6E83672B7F84E800B88238 /* Release */ = {
			isa = XCBuildConfiguration;
			buildSettings = {
				ASSETCATALOG_COMPILER_APPICON_NAME = AppIcon;
				ASSETCATALOG_COMPILER_GLOBAL_ACCENT_COLOR_NAME = AccentColor;
				CODE_SIGN_STYLE = Automatic;
				CURRENT_PROJECT_VERSION = 3;
				DEVELOPMENT_TEAM = 4CLMD5ZPC3;
				GENERATE_INFOPLIST_FILE = YES;
				INFOPLIST_FILE = JLog/Info.plist;
				INFOPLIST_KEY_CFBundleDisplayName = "제이로그";
				INFOPLIST_KEY_LSApplicationCategoryType = "public.app-category.lifestyle";
				INFOPLIST_KEY_UIApplicationSupportsIndirectInputEvents = YES;
				INFOPLIST_KEY_UILaunchStoryboardName = LaunchScreen;
				INFOPLIST_KEY_UIStatusBarStyle = "";
				INFOPLIST_KEY_UISupportedInterfaceOrientations_iPad = "UIInterfaceOrientationPortrait UIInterfaceOrientationPortraitUpsideDown UIInterfaceOrientationLandscapeLeft UIInterfaceOrientationLandscapeRight";
				INFOPLIST_KEY_UISupportedInterfaceOrientations_iPhone = "UIInterfaceOrientationPortrait UIInterfaceOrientationLandscapeLeft UIInterfaceOrientationLandscapeRight";
				IPHONEOS_DEPLOYMENT_TARGET = 15.0;
				LD_RUNPATH_SEARCH_PATHS = (
					"$(inherited)",
					"@executable_path/Frameworks",
				);
				MARKETING_VERSION = 1.0;
				PRODUCT_BUNDLE_IDENTIFIER = com.dreamtree.jlog;
				PRODUCT_NAME = "$(TARGET_NAME)";
				SWIFT_EMIT_LOC_STRINGS = YES;
				SWIFT_VERSION = 5.0;
				TARGETED_DEVICE_FAMILY = "1,2";
			};
			name = Release;
		};
/* End XCBuildConfiguration section */

/* Begin XCConfigurationList section */
		4A6E834C2B7F84E700B88238 /* Build configuration list for PBXProject "JLog" */ = {
			isa = XCConfigurationList;
			buildConfigurations = (
				4A6E83632B7F84E800B88238 /* Debug */,
				4A6E83642B7F84E800B88238 /* Release */,
			);
			defaultConfigurationIsVisible = 0;
			defaultConfigurationName = Release;
		};
		4A6E83652B7F84E800B88238 /* Build configuration list for PBXNativeTarget "JLog" */ = {
			isa = XCConfigurationList;
			buildConfigurations = (
				4A6E83662B7F84E800B88238 /* Debug */,
				4A6E83672B7F84E800B88238 /* Release */,
			);
			defaultConfigurationIsVisible = 0;
			defaultConfigurationName = Release;
		};
/* End XCConfigurationList section */
	};
	rootObject = 4A6E83492B7F84E700B88238 /* Project object */;
}
